
Microsoft Visual Studio Solution File, Format Version 12.00
# Visual Studio Version 17
VisualStudioVersion = 17.8.34316.72
MinimumVisualStudioVersion = 10.0.40219.1
Project("{FAE04EC0-301F-11D3-BF4B-00C04F79EFBC}") = "Merge_Sorted_Array", "Merge_Sorted_Array.csproj", "{548F373F-B113-4EB1-8306-8081CDFF54E7}"
EndProject
Global
	GlobalSection(SolutionConfigurationPlatforms) = preSolution
		Debug|Any CPU = Debug|Any CPU
		Release|Any CPU = Release|Any CPU
	EndGlobalSection
	GlobalSection(ProjectConfigurationPlatforms) = postSolution
		{548F373F-B113-4EB1-8306-8081CDFF54E7}.Debug|Any CPU.ActiveCfg = Debug|Any CPU
		{548F373F-B113-4EB1-8306-8081CDFF54E7}.Debug|Any CPU.Build.0 = Debug|Any CPU
		{548F373F-B113-4EB1-8306-8081CDFF54E7}.Release|Any CPU.ActiveCfg = Release|Any CPU
		{548F373F-B113-4EB1-8306-8081CDFF54E7}.Release|Any CPU.Build.0 = Release|Any CPU
	EndGlobalSection
	GlobalSection(SolutionProperties) = preSolution
		HideSolutionNode = FALSE
	EndGlobalSection
	GlobalSection(ExtensibilityGlobals) = postSolution
		SolutionGuid = {986709E7-163B-4599-9613-6429170E9BEB}
	EndGlobalSection
EndGlobal
